{
    "_readme": [
        "This file locks the dependencies of your project to a known state",
        "Read more about it at http://getcomposer.org/doc/01-basic-usage.md#composer-lock-the-lock-file",
        "This file is @generated automatically"
    ],
    "hash": "c6e4e16782ce0fae46a402d23258468a",
    "packages": [
        {
            "name": "erebot/installers",
            "version": "dev-master",
            "source": {
                "type": "git",
                "url": "https://github.com/Erebot/Erebot_Installers.git",
                "reference": "8c73f6d95757d5aa863bf7b7c4213586c6cacc28"
            },
            "dist": {
                "type": "zip",
                "url": "https://api.github.com/repos/Erebot/Erebot_Installers/zipball/8c73f6d95757d5aa863bf7b7c4213586c6cacc28",
                "reference": "8c73f6d95757d5aa863bf7b7c4213586c6cacc28",
                "shasum": ""
            },
            "type": "composer-installer",
            "extra": {
                "branch-alias": {
                    "dev-master": "1.0.x-dev"
                },
                "class": "Erebot\\Composer\\GenericDocInstaller"
            },
            "autoload": {
                "psr-4": {
                    "Erebot\\Composer\\": "src/"
                }
            },
            "notification-url": "https://packagist.org/downloads/",
            "license": [
                "GPL-3.0+"
            ],
            "authors": [
                {
                    "name": "François Poirotte",
                    "email": "clicky@erebot.net",
                    "role": "lead"
                }
            ],
            "description": "Composer installers for Erebot",
            "homepage": "https://github.com/Erebot/Erebot_Installers",
            "keywords": [
                "Erebot",
                "bot",
                "installers",
                "irc"
            ],
            "time": "2015-03-29 11:41:36"
        }
    ],
    "packages-dev": [],
    "aliases": [],
    "minimum-stability": "dev",
    "stability-flags": [],
    "prefer-stable": false,
    "prefer-lowest": false,
    "platform": [],
    "platform-dev": []
}
